Microsoft Visual Studio Solution File, Format Version 12.00
# Visual Studio Version 17
VisualStudioVersion = 17.5.2.0
MinimumVisualStudioVersion = 10.0.40219.1
Project("{FAE04EC0-301F-11D3-BF4B-00C04F79EFBC}") = "hw4", "hw4.csproj", "{DFA4C39D-512A-4F97-F898-F9A6AE2A8E76}"
EndProject
Global
	GlobalSection(SolutionConfigurationPlatforms) = preSolution
		Debug|Any CPU = Debug|Any CPU
		Release|Any CPU = Release|Any CPU
	EndGlobalSection
	GlobalSection(ProjectConfigurationPlatforms) = postSolution
		{DFA4C39D-512A-4F97-F898-F9A6AE2A8E76}.Debug|Any CPU.ActiveCfg = Debug|Any CPU
		{DFA4C39D-512A-4F97-F898-F9A6AE2A8E76}.Debug|Any CPU.Build.0 = Debug|Any CPU
		{DFA4C39D-512A-4F97-F898-F9A6AE2A8E76}.Release|Any CPU.ActiveCfg = Release|Any CPU
		{DFA4C39D-512A-4F97-F898-F9A6AE2A8E76}.Release|Any CPU.Build.0 = Release|Any CPU
	EndGlobalSection
	GlobalSection(SolutionProperties) = preSolution
		HideSolutionNode = FALSE
	EndGlobalSection
	GlobalSection(ExtensibilityGlobals) = postSolution
		SolutionGuid = {86ECCFCD-CE11-4CDD-8246-FCECE25A32D6}
	EndGlobalSection
EndGlobal
